
Microsoft Visual Studio Solution File, Format Version 12.00
# Visual Studio Version 17
VisualStudioVersion = 17.8.34408.163
MinimumVisualStudioVersion = 10.0.40219.1
Project("{FAE04EC0-301F-11D3-BF4B-00C04F79EFBC}") = "TypescriptApp", "TypescriptApp.csproj", "{D8B20C3A-3410-4D2B-9DAC-B0BDCE1981F4}"
EndProject
Global
	GlobalSection(SolutionConfigurationPlatforms) = preSolution
		Debug|Any CPU = Debug|Any CPU
		Release|Any CPU = Release|Any CPU
	EndGlobalSection
	GlobalSection(ProjectConfigurationPlatforms) = postSolution
		{D8B20C3A-3410-4D2B-9DAC-B0BDCE1981F4}.Debug|Any CPU.ActiveCfg = Debug|Any CPU
		{D8B20C3A-3410-4D2B-9DAC-B0BDCE1981F4}.Debug|Any CPU.Build.0 = Debug|Any CPU
		{D8B20C3A-3410-4D2B-9DAC-B0BDCE1981F4}.Release|Any CPU.ActiveCfg = Release|Any CPU
		{D8B20C3A-3410-4D2B-9DAC-B0BDCE1981F4}.Release|Any CPU.Build.0 = Release|Any CPU
	EndGlobalSection
	GlobalSection(SolutionProperties) = preSolution
		HideSolutionNode = FALSE
	EndGlobalSection
	GlobalSection(ExtensibilityGlobals) = postSolution
		SolutionGuid = {2A1218B4-97B4-4794-A96C-079A5766D9C6}
	EndGlobalSection
EndGlobal
